
Microsoft Visual Studio Solution File, Format Version 12.00
Project("{FAE04EC0-301F-11D3-BF4B-00C04F79EFBC}") = "TestTask", "TestTask\TestTask.csproj", "{5D95DEE3-AE6E-43BE-B338-1B0C13D003E2}"
EndProject
Project("{FAE04EC0-301F-11D3-BF4B-00C04F79EFBC}") = "TestTask.DataLayer", "TestTask.DataLayer\TestTask.DataLayer.csproj", "{A188B858-849C-4EED-B634-A716021ACCE5}"
EndProject
Global
	GlobalSection(SolutionConfigurationPlatforms) = preSolution
		Debug|Any CPU = Debug|Any CPU
		Release|Any CPU = Release|Any CPU
	EndGlobalSection
	GlobalSection(ProjectConfigurationPlatforms) = postSolution
		{5D95DEE3-AE6E-43BE-B338-1B0C13D003E2}.Debug|Any CPU.ActiveCfg = Debug|Any CPU
		{5D95DEE3-AE6E-43BE-B338-1B0C13D003E2}.Debug|Any CPU.Build.0 = Debug|Any CPU
		{5D95DEE3-AE6E-43BE-B338-1B0C13D003E2}.Release|Any CPU.ActiveCfg = Release|Any CPU
		{5D95DEE3-AE6E-43BE-B338-1B0C13D003E2}.Release|Any CPU.Build.0 = Release|Any CPU
		{A188B858-849C-4EED-B634-A716021ACCE5}.Debug|Any CPU.ActiveCfg = Debug|Any CPU
		{A188B858-849C-4EED-B634-A716021ACCE5}.Debug|Any CPU.Build.0 = Debug|Any CPU
		{A188B858-849C-4EED-B634-A716021ACCE5}.Release|Any CPU.ActiveCfg = Release|Any CPU
		{A188B858-849C-4EED-B634-A716021ACCE5}.Release|Any CPU.Build.0 = Release|Any CPU
	EndGlobalSection
EndGlobal
