
Microsoft Visual Studio Solution File, Format Version 12.00
Project("{FAE04EC0-301F-11D3-BF4B-00C04F79EFBC}") = "DataSeedApp", "DataSeedApp\DataSeedApp.csproj", "{943234F1-F001-48CE-8B69-F7D2DD09213F}"
EndProject
Global
	GlobalSection(SolutionConfigurationPlatforms) = preSolution
		Debug|Any CPU = Debug|Any CPU
		Release|Any CPU = Release|Any CPU
	EndGlobalSection
	GlobalSection(ProjectConfigurationPlatforms) = postSolution
		{943234F1-F001-48CE-8B69-F7D2DD09213F}.Debug|Any CPU.ActiveCfg = Debug|Any CPU
		{943234F1-F001-48CE-8B69-F7D2DD09213F}.Debug|Any CPU.Build.0 = Debug|Any CPU
		{943234F1-F001-48CE-8B69-F7D2DD09213F}.Release|Any CPU.ActiveCfg = Release|Any CPU
		{943234F1-F001-48CE-8B69-F7D2DD09213F}.Release|Any CPU.Build.0 = Release|Any CPU
	EndGlobalSection
EndGlobal
